
Microsoft Visual Studio Solution File, Format Version 12.00
# Visual Studio Version 16
VisualStudioVersion = 16.0.33027.164
MinimumVisualStudioVersion = 10.0.40219.1
Project("{8BC9CEB8-8B4A-11D0-8D11-00A0C91BC942}") = "TicTacToe", "TicTacToe\TicTacToe.vcxproj", "{FE48DB08-749A-4118-A0B0-F449F6F5FEA0}"
EndProject
Project("{8BC9CEB8-8B4A-11D0-8D11-00A0C91BC942}") = "ConsoleView", "ConsoleView\ConsoleView.vcxproj", "{9F645C09-3234-4EBF-8DEB-1A29781906A0}"
EndProject
Global
	GlobalSection(SolutionConfigurationPlatforms) = preSolution
		Debug|x64 = Debug|x64
		Debug|x86 = Debug|x86
		Release|x64 = Release|x64
		Release|x86 = Release|x86
	EndGlobalSection
	GlobalSection(ProjectConfigurationPlatforms) = postSolution
		{FE48DB08-749A-4118-A0B0-F449F6F5FEA0}.Debug|x64.ActiveCfg = Debug|x64
		{FE48DB08-749A-4118-A0B0-F449F6F5FEA0}.Debug|x64.Build.0 = Debug|x64
		{FE48DB08-749A-4118-A0B0-F449F6F5FEA0}.Debug|x86.ActiveCfg = Debug|Win32
		{FE48DB08-749A-4118-A0B0-F449F6F5FEA0}.Debug|x86.Build.0 = Debug|Win32
		{FE48DB08-749A-4118-A0B0-F449F6F5FEA0}.Release|x64.ActiveCfg = Release|x64
		{FE48DB08-749A-4118-A0B0-F449F6F5FEA0}.Release|x64.Build.0 = Release|x64
		{FE48DB08-749A-4118-A0B0-F449F6F5FEA0}.Release|x86.ActiveCfg = Release|Win32
		{FE48DB08-749A-4118-A0B0-F449F6F5FEA0}.Release|x86.Build.0 = Release|Win32
		{9F645C09-3234-4EBF-8DEB-1A29781906A0}.Debug|x64.ActiveCfg = Debug|x64
		{9F645C09-3234-4EBF-8DEB-1A29781906A0}.Debug|x64.Build.0 = Debug|x64
		{9F645C09-3234-4EBF-8DEB-1A29781906A0}.Debug|x86.ActiveCfg = Debug|Win32
		{9F645C09-3234-4EBF-8DEB-1A29781906A0}.Debug|x86.Build.0 = Debug|Win32
		{9F645C09-3234-4EBF-8DEB-1A29781906A0}.Release|x64.ActiveCfg = Release|x64
		{9F645C09-3234-4EBF-8DEB-1A29781906A0}.Release|x64.Build.0 = Release|x64
		{9F645C09-3234-4EBF-8DEB-1A29781906A0}.Release|x86.ActiveCfg = Release|Win32
		{9F645C09-3234-4EBF-8DEB-1A29781906A0}.Release|x86.Build.0 = Release|Win32
	EndGlobalSection
	GlobalSection(SolutionProperties) = preSolution
		HideSolutionNode = FALSE
	EndGlobalSection
	GlobalSection(ExtensibilityGlobals) = postSolution
		SolutionGuid = {CDDBCC1A-F25D-431F-B40A-3063D39A8EEB}
	EndGlobalSection
EndGlobal
